
Microsoft Visual Studio Solution File, Format Version 11.00
# Visual Studio 2010
Project("{FAE04EC0-301F-11D3-BF4B-00C04F79EFBC}") = "Assembly-CSharp", "Assembly-CSharp.csproj", "{A709739A-60B9-13D6-C105-99DB0970E9BC}"
EndProject
Project("{FAE04EC0-301F-11D3-BF4B-00C04F79EFBC}") = "Assembly-CSharp-Editor", "Assembly-CSharp-Editor.csproj", "{1F00143A-A12A-B1C8-FF34-772D31F15601}"
EndProject
Global
	GlobalSection(SolutionConfigurationPlatforms) = preSolution
		Debug|Any CPU = Debug|Any CPU
		Release|Any CPU = Release|Any CPU
	EndGlobalSection
	GlobalSection(ProjectConfigurationPlatforms) = postSolution
		{A709739A-60B9-13D6-C105-99DB0970E9BC}.Debug|Any CPU.ActiveCfg = Debug|Any CPU
		{A709739A-60B9-13D6-C105-99DB0970E9BC}.Debug|Any CPU.Build.0 = Debug|Any CPU
		{A709739A-60B9-13D6-C105-99DB0970E9BC}.Release|Any CPU.ActiveCfg = Release|Any CPU
		{A709739A-60B9-13D6-C105-99DB0970E9BC}.Release|Any CPU.Build.0 = Release|Any CPU
		{1F00143A-A12A-B1C8-FF34-772D31F15601}.Debug|Any CPU.ActiveCfg = Debug|Any CPU
		{1F00143A-A12A-B1C8-FF34-772D31F15601}.Debug|Any CPU.Build.0 = Debug|Any CPU
		{1F00143A-A12A-B1C8-FF34-772D31F15601}.Release|Any CPU.ActiveCfg = Release|Any CPU
		{1F00143A-A12A-B1C8-FF34-772D31F15601}.Release|Any CPU.Build.0 = Release|Any CPU
	EndGlobalSection
	GlobalSection(SolutionProperties) = preSolution
		HideSolutionNode = FALSE
	EndGlobalSection
EndGlobal
